
Microsoft Visual Studio Solution File, Format Version 12.00
# Visual Studio Version 17
VisualStudioVersion = 17.4.33110.190
MinimumVisualStudioVersion = 10.0.40219.1
Project("{FAE04EC0-301F-11D3-BF4B-00C04F79EFBC}") = "BlazorCW.Server", "Server\BlazorCW.Server.csproj", "{B70EFB27-D7A1-4F3D-A8FE-2F09B7BBC57D}"
EndProject
Project("{FAE04EC0-301F-11D3-BF4B-00C04F79EFBC}") = "BlazorCW.Client", "Client\BlazorCW.Client.csproj", "{AC30362E-7A48-40C5-A984-1BEFBDC475B3}"
EndProject
Project("{FAE04EC0-301F-11D3-BF4B-00C04F79EFBC}") = "BlazorCW.Shared", "Shared\BlazorCW.Shared.csproj", "{DD30E234-F32C-4FD9-B1CF-858344998F32}"
EndProject
Global
	GlobalSection(SolutionConfigurationPlatforms) = preSolution
		Debug|Any CPU = Debug|Any CPU
		Release|Any CPU = Release|Any CPU
	EndGlobalSection
	GlobalSection(ProjectConfigurationPlatforms) = postSolution
		{B70EFB27-D7A1-4F3D-A8FE-2F09B7BBC57D}.Debug|Any CPU.ActiveCfg = Debug|Any CPU
		{B70EFB27-D7A1-4F3D-A8FE-2F09B7BBC57D}.Debug|Any CPU.Build.0 = Debug|Any CPU
		{B70EFB27-D7A1-4F3D-A8FE-2F09B7BBC57D}.Release|Any CPU.ActiveCfg = Release|Any CPU
		{B70EFB27-D7A1-4F3D-A8FE-2F09B7BBC57D}.Release|Any CPU.Build.0 = Release|Any CPU
		{AC30362E-7A48-40C5-A984-1BEFBDC475B3}.Debug|Any CPU.ActiveCfg = Debug|Any CPU
		{AC30362E-7A48-40C5-A984-1BEFBDC475B3}.Debug|Any CPU.Build.0 = Debug|Any CPU
		{AC30362E-7A48-40C5-A984-1BEFBDC475B3}.Release|Any CPU.ActiveCfg = Release|Any CPU
		{AC30362E-7A48-40C5-A984-1BEFBDC475B3}.Release|Any CPU.Build.0 = Release|Any CPU
		{DD30E234-F32C-4FD9-B1CF-858344998F32}.Debug|Any CPU.ActiveCfg = Debug|Any CPU
		{DD30E234-F32C-4FD9-B1CF-858344998F32}.Debug|Any CPU.Build.0 = Debug|Any CPU
		{DD30E234-F32C-4FD9-B1CF-858344998F32}.Release|Any CPU.ActiveCfg = Release|Any CPU
		{DD30E234-F32C-4FD9-B1CF-858344998F32}.Release|Any CPU.Build.0 = Release|Any CPU
	EndGlobalSection
	GlobalSection(SolutionProperties) = preSolution
		HideSolutionNode = FALSE
	EndGlobalSection
	GlobalSection(ExtensibilityGlobals) = postSolution
		SolutionGuid = {980E361D-ADD3-4648-9399-DF2A68ABC439}
	EndGlobalSection
EndGlobal
